// !$*UTF8*$!
{
	archiveVersion = 1;
	classes = {
	};
	objectVersion = 50;
	objects = {

/* Begin PBXBuildFile section */
		8B51610F221D385E0043320F /* AppDelegate.swift in Sources */ = {isa = PBXBuildFile; fileRef = 8B51610E221D385E0043320F /* AppDelegate.swift */; };
		8B516111221D385E0043320F /* ViewController.swift in Sources */ = {isa = PBXBuildFile; fileRef = 8B516110221D385E0043320F /* ViewController.swift */; };
		8B516114221D385E0043320F /* Main.storyboard in Resources */ = {isa = PBXBuildFile; fileRef = 8B516112221D385E0043320F /* Main.storyboard */; };
		8B516117221D385E0043320F /* DemoBitrise.xcdatamodeld in Sources */ = {isa = PBXBuildFile; fileRef = 8B516115221D385E0043320F /* DemoBitrise.xcdatamodeld */; };
		8B516119221D385F0043320F /* Assets.xcassets in Resources */ = {isa = PBXBuildFile; fileRef = 8B516118221D385F0043320F /* Assets.xcassets */; };
		8B51611C221D385F0043320F /* LaunchScreen.storyboard in Resources */ = {isa = PBXBuildFile; fileRef = 8B51611A221D385F0043320F /* LaunchScreen.storyboard */; };
		FB008EA46B7966A8F074D426 /* Pods_DemoBitrise.framework in Frameworks */ = {isa = PBXBuildFile; fileRef = F20B4545099131ACEB5F2233 /* Pods_DemoBitrise.framework */; };
/* End PBXBuildFile section */

/* Begin PBXFileReference section */
		8B51610B221D385E0043320F /* DemoBitrise.app */ = {isa = PBXFileReference; explicitFileType = wrapper.application; includeInIndex = 0; path = DemoBitrise.app; sourceTree = BUILT_PRODUCTS_DIR; };
		8B51610E221D385E0043320F /* AppDelegate.swift */ = {isa = PBXFileReference; lastKnownFileType = sourcecode.swift; path = AppDelegate.swift; sourceTree = "<group>"; };
		8B516110221D385E0043320F /* ViewController.swift */ = {isa = PBXFileReference; lastKnownFileType = sourcecode.swift; path = ViewController.swift; sourceTree = "<group>"; };
		8B516113221D385E0043320F /* Base */ = {isa = PBXFileReference; lastKnownFileType = file.storyboard; name = Base; path = Base.lproj/Main.storyboard; sourceTree = "<group>"; };
		8B516116221D385E0043320F /* DemoBitrise.xcdatamodel */ = {isa = PBXFileReference; lastKnownFileType = wrapper.xcdatamodel; path = DemoBitrise.xcdatamodel; sourceTree = "<group>"; };
		8B516118221D385F0043320F /* Assets.xcassets */ = {isa = PBXFileReference; lastKnownFileType = folder.assetcatalog; path = Assets.xcassets; sourceTree = "<group>"; };
		8B51611B221D385F0043320F /* Base */ = {isa = PBXFileReference; lastKnownFileType = file.storyboard; name = Base; path = Base.lproj/LaunchScreen.storyboard; sourceTree = "<group>"; };
		8B51611D221D385F0043320F /* Info.plist */ = {isa = PBXFileReference; lastKnownFileType = text.plist.xml; path = Info.plist; sourceTree = "<group>"; };
		C019ABD2A2CEC167601F429B /* Pods-DemoBitrise.release.xcconfig */ = {isa = PBXFileReference; includeInIndex = 1; lastKnownFileType = text.xcconfig; name = "Pods-DemoBitrise.release.xcconfig"; path = "Target Support Files/Pods-DemoBitrise/Pods-DemoBitrise.release.xcconfig"; sourceTree = "<group>"; };
		E82EDDC57BB9B13B826CDF3F /* Pods-DemoBitrise.debug.xcconfig */ = {isa = PBXFileReference; includeInIndex = 1; lastKnownFileType = text.xcconfig; name = "Pods-DemoBitrise.debug.xcconfig"; path = "Target Support Files/Pods-DemoBitrise/Pods-DemoBitrise.debug.xcconfig"; sourceTree = "<group>"; };
		F20B4545099131ACEB5F2233 /* Pods_DemoBitrise.framework */ = {isa = PBXFileReference; explicitFileType = wrapper.framework; includeInIndex = 0; path = Pods_DemoBitrise.framework; sourceTree = BUILT_PRODUCTS_DIR; };
/* End PBXFileReference section */

/* Begin PBXFrameworksBuildPhase section */
		8B516108221D385E0043320F /* Frameworks */ = {
			isa = PBXFrameworksBuildPhase;
			buildActionMask = 2147483647;
			files = (
				FB008EA46B7966A8F074D426 /* Pods_DemoBitrise.framework in Frameworks */,
			);
			runOnlyForDeploymentPostprocessing = 0;
		};
/* End PBXFrameworksBuildPhase section */

/* Begin PBXGroup section */
		8B516102221D385E0043320F = {
			isa = PBXGroup;
			children = (
				8B51610D221D385E0043320F /* DemoBitrise */,
				8B51610C221D385E0043320F /* Products */,
				ADE13553740293AD1ED3FCA5 /* Pods */,
				904B7312117DBE5DBEA52579 /* Frameworks */,
			);
			sourceTree = "<group>";
		};
		8B51610C221D385E0043320F /* Products */ = {
			isa = PBXGroup;
			children = (
				8B51610B221D385E0043320F /* DemoBitrise.app */,
			);
			name = Products;
			sourceTree = "<group>";
		};
		8B51610D221D385E0043320F /* DemoBitrise */ = {
			isa = PBXGroup;
			children = (
				8B51610E221D385E0043320F /* AppDelegate.swift */,
				8B516110221D385E0043320F /* ViewController.swift */,
				8B516112221D385E0043320F /* Main.storyboard */,
				8B516118221D385F0043320F /* Assets.xcassets */,
				8B51611A221D385F0043320F /* LaunchScreen.storyboard */,
				8B51611D221D385F0043320F /* Info.plist */,
				8B516115221D385E0043320F /* DemoBitrise.xcdatamodeld */,
			);
			path = DemoBitrise;
			sourceTree = "<group>";
		};
		904B7312117DBE5DBEA52579 /* Frameworks */ = {
			isa = PBXGroup;
			children = (
				F20B4545099131ACEB5F2233 /* Pods_DemoBitrise.framework */,
			);
			name = Frameworks;
			sourceTree = "<group>";
		};
		ADE13553740293AD1ED3FCA5 /* Pods */ = {
			isa = PBXGroup;
			children = (
				E82EDDC57BB9B13B826CDF3F /* Pods-DemoBitrise.debug.xcconfig */,
				C019ABD2A2CEC167601F429B /* Pods-DemoBitrise.release.xcconfig */,
			);
			path = Pods;
			sourceTree = "<group>";
		};
/* End PBXGroup section */

/* Begin PBXNativeTarget section */
		8B51610A221D385E0043320F /* DemoBitrise */ = {
			isa = PBXNativeTarget;
			buildConfigurationList = 8B516120221D385F0043320F /* Build configuration list for PBXNativeTarget "DemoBitrise" */;
			buildPhases = (
				A1C531B55FB8D00F3F82B470 /* [CP] Check Pods Manifest.lock */,
				8B516107221D385E0043320F /* Sources */,
				8B516108221D385E0043320F /* Frameworks */,
				8B516109221D385E0043320F /* Resources */,
				CADF2D9E0B92F277A3BB393A /* [CP] Embed Pods Frameworks */,
			);
			buildRules = (
			);
			dependencies = (
			);
			name = DemoBitrise;
			productName = DemoBitrise;
			productReference = 8B51610B221D385E0043320F /* DemoBitrise.app */;
			productType = "com.apple.product-type.application";
		};
/* End PBXNativeTarget section */

/* Begin PBXProject section */
		8B516103221D385E0043320F /* Project object */ = {
			isa = PBXProject;
			attributes = {
				LastSwiftUpdateCheck = 1010;
				LastUpgradeCheck = 1010;
				ORGANIZATIONNAME = seesaa;
				TargetAttributes = {
					8B51610A221D385E0043320F = {
						CreatedOnToolsVersion = 10.1;
					};
				};
			};
			buildConfigurationList = 8B516106221D385E0043320F /* Build configuration list for PBXProject "DemoBitrise" */;
			compatibilityVersion = "Xcode 9.3";
			developmentRegion = en;
			hasScannedForEncodings = 0;
			knownRegions = (
				en,
				Base,
			);
			mainGroup = 8B516102221D385E0043320F;
			productRefGroup = 8B51610C221D385E0043320F /* Products */;
			projectDirPath = "";
			projectRoot = "";
			targets = (
				8B51610A221D385E0043320F /* DemoBitrise */,
			);
		};
/* End PBXProject section */

/* Begin PBXResourcesBuildPhase section */
		8B516109221D385E0043320F /* Resources */ = {
			isa = PBXResourcesBuildPhase;
			buildActionMask = 2147483647;
			files = (
				8B51611C221D385F0043320F /* LaunchScreen.storyboard in Resources */,
				8B516119221D385F0043320F /* Assets.xcassets in Resources */,
				8B516114221D385E0043320F /* Main.storyboard in Resources */,
			);
			runOnlyForDeploymentPostprocessing = 0;
		};
/* End PBXResourcesBuildPhase section */

/* Begin PBXShellScriptBuildPhase section */
		A1C531B55FB8D00F3F82B470 /* [CP] Check Pods Manifest.lock */ = {
			isa = PBXShellScriptBuildPhase;
			buildActionMask = 2147483647;
			files = (
			);
			inputFileListPaths = (
			);
			inputPaths = (
				"${PODS_PODFILE_DIR_PATH}/Podfile.lock",
				"${PODS_ROOT}/Manifest.lock",
			);
			name = "[CP] Check Pods Manifest.lock";
			outputFileListPaths = (
			);
			outputPaths = (
				"$(DERIVED_FILE_DIR)/Pods-DemoBitrise-checkManifestLockResult.txt",
			);
			runOnlyForDeploymentPostprocessing = 0;
			shellPath = /bin/sh;
			shellScript = "diff \"${PODS_PODFILE_DIR_PATH}/Podfile.lock\" \"${PODS_ROOT}/Manifest.lock\" > /dev/null\nif [ $? != 0 ] ; then\n    # print error to STDERR\n    echo \"error: The sandbox is not in sync with the Podfile.lock. Run 'pod install' or update your CocoaPods installation.\" >&2\n    exit 1\nfi\n# This output is used by Xcode 'outputs' to avoid re-running this script phase.\necho \"SUCCESS\" > \"${SCRIPT_OUTPUT_FILE_0}\"\n";
			showEnvVarsInLog = 0;
		};
		CADF2D9E0B92F277A3BB393A /* [CP] Embed Pods Frameworks */ = {
			isa = PBXShellScriptBuildPhase;
			buildActionMask = 2147483647;
			files = (
			);
			inputFileListPaths = (
			);
			inputPaths = (
				"${PODS_ROOT}/Target Support Files/Pods-DemoBitrise/Pods-DemoBitrise-frameworks.sh",
				"${BUILT_PRODUCTS_DIR}/Alamofire/Alamofire.framework",
			);
			name = "[CP] Embed Pods Frameworks";
			outputFileListPaths = (
			);
			outputPaths = (
				"${TARGET_BUILD_DIR}/${FRAMEWORKS_FOLDER_PATH}/Alamofire.framework",
			);
			runOnlyForDeploymentPostprocessing = 0;
			shellPath = /bin/sh;
			shellScript = "\"${PODS_ROOT}/Target Support Files/Pods-DemoBitrise/Pods-DemoBitrise-frameworks.sh\"\n";
			showEnvVarsInLog = 0;
		};
/* End PBXShellScriptBuildPhase section */

/* Begin PBXSourcesBuildPhase section */
		8B516107221D385E0043320F /* Sources */ = {
			isa = PBXSourcesBuildPhase;
			buildActionMask = 2147483647;
			files = (
				8B516111221D385E0043320F /* ViewController.swift in Sources */,
				8B51610F221D385E0043320F /* AppDelegate.swift in Sources */,
				8B516117221D385E0043320F /* DemoBitrise.xcdatamodeld in Sources */,
			);
			runOnlyForDeploymentPostprocessing = 0;
		};
/* End PBXSourcesBuildPhase section */

/* Begin PBXVariantGroup section */
		8B516112221D385E0043320F /* Main.storyboard */ = {
			isa = PBXVariantGroup;
			children = (
				8B516113221D385E0043320F /* Base */,
			);
			name = Main.storyboard;
			sourceTree = "<group>";
		};
		8B51611A221D385F0043320F /* LaunchScreen.storyboard */ = {
			isa = PBXVariantGroup;
			children = (
				8B51611B221D385F0043320F /* Base */,
			);
			name = LaunchScreen.storyboard;
			sourceTree = "<group>";
		};
/* End PBXVariantGroup section */

/* Begin XCBuildConfiguration section */
		8B51611E221D385F0043320F /* Debug */ = {
			isa = XCBuildConfiguration;
			buildSettings = {
				ALWAYS_SEARCH_USER_PATHS = NO;
				CLANG_ANALYZER_NONNULL = YES;
				CLANG_ANALYZER_NUMBER_OBJECT_CONVERSION = YES_AGGRESSIVE;
				CLANG_CXX_LANGUAGE_STANDARD = "gnu++14";
				CLANG_CXX_LIBRARY = "libc++";
				CLANG_ENABLE_MODULES = YES;
				CLANG_ENABLE_OBJC_ARC = YES;
				CLANG_ENABLE_OBJC_WEAK = YES;
				CLANG_WARN_BLOCK_CAPTURE_AUTORELEASING = YES;
				CLANG_WARN_BOOL_CONVERSION = YES;
				CLANG_WARN_COMMA = YES;
				CLANG_WARN_CONSTANT_CONVERSION = YES;
				CLANG_WARN_DEPRECATED_OBJC_IMPLEMENTATIONS = YES;
				CLANG_WARN_DIRECT_OBJC_ISA_USAGE = YES_ERROR;
				CLANG_WARN_DOCUMENTATION_COMMENTS = YES;
				CLANG_WARN_EMPTY_BODY = YES;
				CLANG_WARN_ENUM_CONVERSION = YES;
				CLANG_WARN_INFINITE_RECURSION = YES;
				CLANG_WARN_INT_CONVERSION = YES;
				CLANG_WARN_NON_LITERAL_NULL_CONVERSION = YES;
				CLANG_WARN_OBJC_IMPLICIT_RETAIN_SELF = YES;
				CLANG_WARN_OBJC_LITERAL_CONVERSION = YES;
				CLANG_WARN_OBJC_ROOT_CLASS = YES_ERROR;
				CLANG_WARN_RANGE_LOOP_ANALYSIS = YES;
				CLANG_WARN_STRICT_PROTOTYPES = YES;
				CLANG_WARN_SUSPICIOUS_MOVE = YES;
				CLANG_WARN_UNGUARDED_AVAILABILITY = YES_AGGRESSIVE;
				CLANG_WARN_UNREACHABLE_CODE = YES;
				CLANG_WARN__DUPLICATE_METHOD_MATCH = YES;
				CODE_SIGN_IDENTITY = "iPhone Developer";
				COPY_PHASE_STRIP = NO;
				DEBUG_INFORMATION_FORMAT = dwarf;
				ENABLE_STRICT_OBJC_MSGSEND = YES;
				ENABLE_TESTABILITY = YES;
				GCC_C_LANGUAGE_STANDARD = gnu11;
				GCC_DYNAMIC_NO_PIC = NO;
				GCC_NO_COMMON_BLOCKS = YES;
				GCC_OPTIMIZATION_LEVEL = 0;
				GCC_PREPROCESSOR_DEFINITIONS = (
					"DEBUG=1",
					"$(inherited)",
				);
				GCC_WARN_64_TO_32_BIT_CONVERSION = YES;
				GCC_WARN_ABOUT_RETURN_TYPE = YES_ERROR;
				GCC_WARN_UNDECLARED_SELECTOR = YES;
				GCC_WARN_UNINITIALIZED_AUTOS = YES_AGGRESSIVE;
				GCC_WARN_UNUSED_FUNCTION = YES;
				GCC_WARN_UNUSED_VARIABLE = YES;
				IPHONEOS_DEPLOYMENT_TARGET = 12.1;
				MTL_ENABLE_DEBUG_INFO = INCLUDE_SOURCE;
				MTL_FAST_MATH = YES;
				ONLY_ACTIVE_ARCH = YES;
				SDKROOT = iphoneos;
				SWIFT_ACTIVE_COMPILATION_CONDITIONS = DEBUG;
				SWIFT_OPTIMIZATION_LEVEL = "-Onone";
			};
			name = Debug;
		};
		8B51611F221D385F0043320F /* Release */ = {
			isa = XCBuildConfiguration;
			buildSettings = {
				ALWAYS_SEARCH_USER_PATHS = NO;
				CLANG_ANALYZER_NONNULL = YES;
				CLANG_ANALYZER_NUMBER_OBJECT_CONVERSION = YES_AGGRESSIVE;
				CLANG_CXX_LANGUAGE_STANDARD = "gnu++14";
				CLANG_CXX_LIBRARY = "libc++";
				CLANG_ENABLE_MODULES = YES;
				CLANG_ENABLE_OBJC_ARC = YES;
				CLANG_ENABLE_OBJC_WEAK = YES;
				CLANG_WARN_BLOCK_CAPTURE_AUTORELEASING = YES;
				CLANG_WARN_BOOL_CONVERSION = YES;
				CLANG_WARN_COMMA = YES;
				CLANG_WARN_CONSTANT_CONVERSION = YES;
				CLANG_WARN_DEPRECATED_OBJC_IMPLEMENTATIONS = YES;
				CLANG_WARN_DIRECT_OBJC_ISA_USAGE = YES_ERROR;
				CLANG_WARN_DOCUMENTATION_COMMENTS = YES;
				CLANG_WARN_EMPTY_BODY = YES;
				CLANG_WARN_ENUM_CONVERSION = YES;
				CLANG_WARN_INFINITE_RECURSION = YES;
				CLANG_WARN_INT_CONVERSION = YES;
				CLANG_WARN_NON_LITERAL_NULL_CONVERSION = YES;
				CLANG_WARN_OBJC_IMPLICIT_RETAIN_SELF = YES;
				CLANG_WARN_OBJC_LITERAL_CONVERSION = YES;
				CLANG_WARN_OBJC_ROOT_CLASS = YES_ERROR;
				CLANG_WARN_RANGE_LOOP_ANALYSIS = YES;
				CLANG_WARN_STRICT_PROTOTYPES = YES;
				CLANG_WARN_SUSPICIOUS_MOVE = YES;
				CLANG_WARN_UNGUARDED_AVAILABILITY = YES_AGGRESSIVE;
				CLANG_WARN_UNREACHABLE_CODE = YES;
				CLANG_WARN__DUPLICATE_METHOD_MATCH = YES;
				CODE_SIGN_IDENTITY = "iPhone Developer";
				COPY_PHASE_STRIP = NO;
				DEBUG_INFORMATION_FORMAT = "dwarf-with-dsym";
				ENABLE_NS_ASSERTIONS = NO;
				ENABLE_STRICT_OBJC_MSGSEND = YES;
				GCC_C_LANGUAGE_STANDARD = gnu11;
				GCC_NO_COMMON_BLOCKS = YES;
				GCC_WARN_64_TO_32_BIT_CONVERSION = YES;
				GCC_WARN_ABOUT_RETURN_TYPE = YES_ERROR;
				GCC_WARN_UNDECLARED_SELECTOR = YES;
				GCC_WARN_UNINITIALIZED_AUTOS = YES_AGGRESSIVE;
				GCC_WARN_UNUSED_FUNCTION = YES;
				GCC_WARN_UNUSED_VARIABLE = YES;
				IPHONEOS_DEPLOYMENT_TARGET = 12.1;
				MTL_ENABLE_DEBUG_INFO = NO;
				MTL_FAST_MATH = YES;
				SDKROOT = iphoneos;
				SWIFT_COMPILATION_MODE = wholemodule;
				SWIFT_OPTIMIZATION_LEVEL = "-O";
				VALIDATE_PRODUCT = YES;
			};
			name = Release;
		};
		8B516121221D385F0043320F /* Debug */ = {
			isa = XCBuildConfiguration;
			baseConfigurationReference = E82EDDC57BB9B13B826CDF3F /* Pods-DemoBitrise.debug.xcconfig */;
			buildSettings = {
				ASSETCATALOG_COMPILER_APPICON_NAME = AppIcon;
				CODE_SIGN_STYLE = Automatic;
				DEVELOPMENT_TEAM = Z7YWS97UKQ;
				INFOPLIST_FILE = DemoBitrise/Info.plist;
				IPHONEOS_DEPLOYMENT_TARGET = 10.0;
				LD_RUNPATH_SEARCH_PATHS = (
					"$(inherited)",
					"@executable_path/Frameworks",
				);
				PRODUCT_BUNDLE_IDENTIFIER = vn.seesaa.DemoBitrise;
				PRODUCT_NAME = "$(TARGET_NAME)";
				SWIFT_VERSION = 4.2;
				TARGETED_DEVICE_FAMILY = "1,2";
			};
			name = Debug;
		};
		8B516122221D385F0043320F /* Release */ = {
			isa = XCBuildConfiguration;
			baseConfigurationReference = C019ABD2A2CEC167601F429B /* Pods-DemoBitrise.release.xcconfig */;
			buildSettings = {
				ASSETCATALOG_COMPILER_APPICON_NAME = AppIcon;
				CODE_SIGN_STYLE = Automatic;
				DEVELOPMENT_TEAM = Z7YWS97UKQ;
				INFOPLIST_FILE = DemoBitrise/Info.plist;
				IPHONEOS_DEPLOYMENT_TARGET = 10.0;
				LD_RUNPATH_SEARCH_PATHS = (
					"$(inherited)",
					"@executable_path/Frameworks",
				);
				PRODUCT_BUNDLE_IDENTIFIER = vn.seesaa.DemoBitrise;
				PRODUCT_NAME = "$(TARGET_NAME)";
				SWIFT_VERSION = 4.2;
				TARGETED_DEVICE_FAMILY = "1,2";
			};
			name = Release;
		};
/* End XCBuildConfiguration section */

/* Begin XCConfigurationList section */
		8B516106221D385E0043320F /* Build configuration list for PBXProject "DemoBitrise" */ = {
			isa = XCConfigurationList;
			buildConfigurations = (
				8B51611E221D385F0043320F /* Debug */,
				8B51611F221D385F0043320F /* Release */,
			);
			defaultConfigurationIsVisible = 0;
			defaultConfigurationName = Release;
		};
		8B516120221D385F0043320F /* Build configuration list for PBXNativeTarget "DemoBitrise" */ = {
			isa = XCConfigurationList;
			buildConfigurations = (
				8B516121221D385F0043320F /* Debug */,
				8B516122221D385F0043320F /* Release */,
			);
			defaultConfigurationIsVisible = 0;
			defaultConfigurationName = Release;
		};
/* End XCConfigurationList section */

/* Begin XCVersionGroup section */
		8B516115221D385E0043320F /* DemoBitrise.xcdatamodeld */ = {
			isa = XCVersionGroup;
			children = (
				8B516116221D385E0043320F /* DemoBitrise.xcdatamodel */,
			);
			currentVersion = 8B516116221D385E0043320F /* DemoBitrise.xcdatamodel */;
			path = DemoBitrise.xcdatamodeld;
			sourceTree = "<group>";
			versionGroupType = wrapper.xcdatamodel;
		};
/* End XCVersionGroup section */
	};
	rootObject = 8B516103221D385E0043320F /* Project object */;
}
